
Microsoft Visual Studio Solution File, Format Version 12.00
# Visual Studio Version 16
VisualStudioVersion = 16.0.31129.286
MinimumVisualStudioVersion = 10.0.40219.1
Project("{9A19103F-16F7-4668-BE54-9A1E7A4F7556}") = "UserFinder.Entities", "UserFinder.Entities\UserFinder.Entities.csproj", "{EF21B6DC-3EE4-43B2-ADD1-5680D47320FC}"
EndProject
Project("{9A19103F-16F7-4668-BE54-9A1E7A4F7556}") = "UserFinder.DataAccess", "UserFinder.DataAccess\UserFinder.DataAccess.csproj", "{206C9896-82DB-4C85-BECC-A39CD4E579A0}"
EndProject
Project("{FAE04EC0-301F-11D3-BF4B-00C04F79EFBC}") = "UserFinder.Business", "UserFinder.Business\UserFinder.Business.csproj", "{6C1B7C4D-FDA6-44A2-8A41-80BDA26ECC34}"
EndProject
Project("{FAE04EC0-301F-11D3-BF4B-00C04F79EFBC}") = "UserFinder.API", "UserFinder.API\UserFinder.API.csproj", "{FD129DBD-D178-416A-938B-8B4CC5B9B34B}"
EndProject
Global
	GlobalSection(SolutionConfigurationPlatforms) = preSolution
		Debug|Any CPU = Debug|Any CPU
		Release|Any CPU = Release|Any CPU
	EndGlobalSection
	GlobalSection(ProjectConfigurationPlatforms) = postSolution
		{EF21B6DC-3EE4-43B2-ADD1-5680D47320FC}.Debug|Any CPU.ActiveCfg = Debug|Any CPU
		{EF21B6DC-3EE4-43B2-ADD1-5680D47320FC}.Debug|Any CPU.Build.0 = Debug|Any CPU
		{EF21B6DC-3EE4-43B2-ADD1-5680D47320FC}.Release|Any CPU.ActiveCfg = Release|Any CPU
		{EF21B6DC-3EE4-43B2-ADD1-5680D47320FC}.Release|Any CPU.Build.0 = Release|Any CPU
		{206C9896-82DB-4C85-BECC-A39CD4E579A0}.Debug|Any CPU.ActiveCfg = Debug|Any CPU
		{206C9896-82DB-4C85-BECC-A39CD4E579A0}.Debug|Any CPU.Build.0 = Debug|Any CPU
		{206C9896-82DB-4C85-BECC-A39CD4E579A0}.Release|Any CPU.ActiveCfg = Release|Any CPU
		{206C9896-82DB-4C85-BECC-A39CD4E579A0}.Release|Any CPU.Build.0 = Release|Any CPU
		{6C1B7C4D-FDA6-44A2-8A41-80BDA26ECC34}.Debug|Any CPU.ActiveCfg = Debug|Any CPU
		{6C1B7C4D-FDA6-44A2-8A41-80BDA26ECC34}.Debug|Any CPU.Build.0 = Debug|Any CPU
		{6C1B7C4D-FDA6-44A2-8A41-80BDA26ECC34}.Release|Any CPU.ActiveCfg = Release|Any CPU
		{6C1B7C4D-FDA6-44A2-8A41-80BDA26ECC34}.Release|Any CPU.Build.0 = Release|Any CPU
		{FD129DBD-D178-416A-938B-8B4CC5B9B34B}.Debug|Any CPU.ActiveCfg = Debug|Any CPU
		{FD129DBD-D178-416A-938B-8B4CC5B9B34B}.Debug|Any CPU.Build.0 = Debug|Any CPU
		{FD129DBD-D178-416A-938B-8B4CC5B9B34B}.Release|Any CPU.ActiveCfg = Release|Any CPU
		{FD129DBD-D178-416A-938B-8B4CC5B9B34B}.Release|Any CPU.Build.0 = Release|Any CPU
	EndGlobalSection
	GlobalSection(SolutionProperties) = preSolution
		HideSolutionNode = FALSE
	EndGlobalSection
	GlobalSection(ExtensibilityGlobals) = postSolution
		SolutionGuid = {05E25B80-5A29-4BCD-9FEC-011D1A1BFE69}
	EndGlobalSection
EndGlobal
